
Microsoft Visual Studio Solution File, Format Version 12.00
# Visual Studio 15
VisualStudioVersion = 15.0.26430.6
MinimumVisualStudioVersion = 10.0.40219.1
Project("{F2A71F9B-5D33-465A-A702-920D77279786}") = "console2", "console2\console2.fsproj", "{90ACCB49-62F5-4EB4-80FC-6B735F9859D9}"
EndProject
Global
	GlobalSection(SolutionConfigurationPlatforms) = preSolution
		Debug|Any CPU = Debug|Any CPU
		Release|Any CPU = Release|Any CPU
	EndGlobalSection
	GlobalSection(ProjectConfigurationPlatforms) = postSolution
		{90ACCB49-62F5-4EB4-80FC-6B735F9859D9}.Debug|Any CPU.ActiveCfg = Debug|Any CPU
		{90ACCB49-62F5-4EB4-80FC-6B735F9859D9}.Debug|Any CPU.Build.0 = Debug|Any CPU
		{90ACCB49-62F5-4EB4-80FC-6B735F9859D9}.Release|Any CPU.ActiveCfg = Release|Any CPU
		{90ACCB49-62F5-4EB4-80FC-6B735F9859D9}.Release|Any CPU.Build.0 = Release|Any CPU
	EndGlobalSection
	GlobalSection(SolutionProperties) = preSolution
		HideSolutionNode = FALSE
	EndGlobalSection
EndGlobal
